// !$*UTF8*$!
{
	archiveVersion = 1;
	classes = {
	};
	objectVersion = 55;
	objects = {

/* Begin PBXBuildFile section */
		787AA62027ABC95B0031F5DC /* KinopoiskFilmsManager.swift in Sources */ = {isa = PBXBuildFile; fileRef = 787AA61F27ABC95B0031F5DC /* KinopoiskFilmsManager.swift */; };
		787AA62227ABD4490031F5DC /* FilmWithDistributionInfo.swift in Sources */ = {isa = PBXBuildFile; fileRef = 787AA62127ABD4490031F5DC /* FilmWithDistributionInfo.swift */; };
		787AA62527ABD9CA0031F5DC /* Film.swift in Sources */ = {isa = PBXBuildFile; fileRef = 787AA62427ABD9CA0031F5DC /* Film.swift */; };
		789C167B27AAE6FE0056981A /* AppDelegate.swift in Sources */ = {isa = PBXBuildFile; fileRef = 789C167A27AAE6FE0056981A /* AppDelegate.swift */; };
		789C167D27AAE6FE0056981A /* SceneDelegate.swift in Sources */ = {isa = PBXBuildFile; fileRef = 789C167C27AAE6FE0056981A /* SceneDelegate.swift */; };
		789C168227AAE6FE0056981A /* Main.storyboard in Resources */ = {isa = PBXBuildFile; fileRef = 789C168027AAE6FE0056981A /* Main.storyboard */; };
		789C168427AAE7000056981A /* Assets.xcassets in Resources */ = {isa = PBXBuildFile; fileRef = 789C168327AAE7000056981A /* Assets.xcassets */; };
		789C168727AAE7000056981A /* LaunchScreen.storyboard in Resources */ = {isa = PBXBuildFile; fileRef = 789C168527AAE7000056981A /* LaunchScreen.storyboard */; };
		789C168F27AAE7610056981A /* TableViewController.swift in Sources */ = {isa = PBXBuildFile; fileRef = 789C168E27AAE7610056981A /* TableViewController.swift */; };
		789C169127AAEBF70056981A /* FoundedFilm.swift in Sources */ = {isa = PBXBuildFile; fileRef = 789C169027AAEBF60056981A /* FoundedFilm.swift */; };
		789C169327AAED3A0056981A /* NetworkManager.swift in Sources */ = {isa = PBXBuildFile; fileRef = 789C169227AAED3A0056981A /* NetworkManager.swift */; };
/* End PBXBuildFile section */

/* Begin PBXFileReference section */
		787AA61F27ABC95B0031F5DC /* KinopoiskFilmsManager.swift */ = {isa = PBXFileReference; lastKnownFileType = sourcecode.swift; path = KinopoiskFilmsManager.swift; sourceTree = "<group>"; };
		787AA62127ABD4490031F5DC /* FilmWithDistributionInfo.swift */ = {isa = PBXFileReference; lastKnownFileType = sourcecode.swift; path = FilmWithDistributionInfo.swift; sourceTree = "<group>"; };
		787AA62427ABD9CA0031F5DC /* Film.swift */ = {isa = PBXFileReference; lastKnownFileType = sourcecode.swift; path = Film.swift; sourceTree = "<group>"; };
		789C167727AAE6FE0056981A /* URLSessionKinopoisk.app */ = {isa = PBXFileReference; explicitFileType = wrapper.application; includeInIndex = 0; path = URLSessionKinopoisk.app; sourceTree = BUILT_PRODUCTS_DIR; };
		789C167A27AAE6FE0056981A /* AppDelegate.swift */ = {isa = PBXFileReference; lastKnownFileType = sourcecode.swift; path = AppDelegate.swift; sourceTree = "<group>"; };
		789C167C27AAE6FE0056981A /* SceneDelegate.swift */ = {isa = PBXFileReference; lastKnownFileType = sourcecode.swift; path = SceneDelegate.swift; sourceTree = "<group>"; };
		789C168127AAE6FE0056981A /* Base */ = {isa = PBXFileReference; lastKnownFileType = file.storyboard; name = Base; path = Base.lproj/Main.storyboard; sourceTree = "<group>"; };
		789C168327AAE7000056981A /* Assets.xcassets */ = {isa = PBXFileReference; lastKnownFileType = folder.assetcatalog; path = Assets.xcassets; sourceTree = "<group>"; };
		789C168627AAE7000056981A /* Base */ = {isa = PBXFileReference; lastKnownFileType = file.storyboard; name = Base; path = Base.lproj/LaunchScreen.storyboard; sourceTree = "<group>"; };
		789C168827AAE7000056981A /* Info.plist */ = {isa = PBXFileReference; lastKnownFileType = text.plist.xml; path = Info.plist; sourceTree = "<group>"; };
		789C168E27AAE7610056981A /* TableViewController.swift */ = {isa = PBXFileReference; lastKnownFileType = sourcecode.swift; path = TableViewController.swift; sourceTree = "<group>"; };
		789C169027AAEBF60056981A /* FoundedFilm.swift */ = {isa = PBXFileReference; lastKnownFileType = sourcecode.swift; path = FoundedFilm.swift; sourceTree = "<group>"; };
		789C169227AAED3A0056981A /* NetworkManager.swift */ = {isa = PBXFileReference; lastKnownFileType = sourcecode.swift; path = NetworkManager.swift; sourceTree = "<group>"; };
/* End PBXFileReference section */

/* Begin PBXFrameworksBuildPhase section */
		789C167427AAE6FE0056981A /* Frameworks */ = {
			isa = PBXFrameworksBuildPhase;
			buildActionMask = 2147483647;
			files = (
			);
			runOnlyForDeploymentPostprocessing = 0;
		};
/* End PBXFrameworksBuildPhase section */

/* Begin PBXGroup section */
		787AA62327ABD8F60031F5DC /* Models */ = {
			isa = PBXGroup;
			children = (
				789C169027AAEBF60056981A /* FoundedFilm.swift */,
				787AA62127ABD4490031F5DC /* FilmWithDistributionInfo.swift */,
				787AA62427ABD9CA0031F5DC /* Film.swift */,
			);
			path = Models;
			sourceTree = "<group>";
		};
		787AA62627AC6E340031F5DC /* Services */ = {
			isa = PBXGroup;
			children = (
				789C169227AAED3A0056981A /* NetworkManager.swift */,
				787AA61F27ABC95B0031F5DC /* KinopoiskFilmsManager.swift */,
			);
			path = Services;
			sourceTree = "<group>";
		};
		789C166E27AAE6FE0056981A = {
			isa = PBXGroup;
			children = (
				789C167927AAE6FE0056981A /* URLSessionKinopoisk */,
				789C167827AAE6FE0056981A /* Products */,
			);
			sourceTree = "<group>";
		};
		789C167827AAE6FE0056981A /* Products */ = {
			isa = PBXGroup;
			children = (
				789C167727AAE6FE0056981A /* URLSessionKinopoisk.app */,
			);
			name = Products;
			sourceTree = "<group>";
		};
		789C167927AAE6FE0056981A /* URLSessionKinopoisk */ = {
			isa = PBXGroup;
			children = (
				789C167A27AAE6FE0056981A /* AppDelegate.swift */,
				789C167C27AAE6FE0056981A /* SceneDelegate.swift */,
				789C168E27AAE7610056981A /* TableViewController.swift */,
				787AA62627AC6E340031F5DC /* Services */,
				787AA62327ABD8F60031F5DC /* Models */,
				789C168027AAE6FE0056981A /* Main.storyboard */,
				789C168327AAE7000056981A /* Assets.xcassets */,
				789C168527AAE7000056981A /* LaunchScreen.storyboard */,
				789C168827AAE7000056981A /* Info.plist */,
			);
			path = URLSessionKinopoisk;
			sourceTree = "<group>";
		};
/* End PBXGroup section */

/* Begin PBXNativeTarget section */
		789C167627AAE6FE0056981A /* URLSessionKinopoisk */ = {
			isa = PBXNativeTarget;
			buildConfigurationList = 789C168B27AAE7000056981A /* Build configuration list for PBXNativeTarget "URLSessionKinopoisk" */;
			buildPhases = (
				789C167327AAE6FE0056981A /* Sources */,
				789C167427AAE6FE0056981A /* Frameworks */,
				789C167527AAE6FE0056981A /* Resources */,
			);
			buildRules = (
			);
			dependencies = (
			);
			name = URLSessionKinopoisk;
			productName = URLSessionKinopoisk;
			productReference = 789C167727AAE6FE0056981A /* URLSessionKinopoisk.app */;
			productType = "com.apple.product-type.application";
		};
/* End PBXNativeTarget section */

/* Begin PBXProject section */
		789C166F27AAE6FE0056981A /* Project object */ = {
			isa = PBXProject;
			attributes = {
				BuildIndependentTargetsInParallel = 1;
				LastSwiftUpdateCheck = 1320;
				LastUpgradeCheck = 1320;
				TargetAttributes = {
					789C167627AAE6FE0056981A = {
						CreatedOnToolsVersion = 13.2.1;
					};
				};
			};
			buildConfigurationList = 789C167227AAE6FE0056981A /* Build configuration list for PBXProject "URLSessionKinopoisk" */;
			compatibilityVersion = "Xcode 13.0";
			developmentRegion = en;
			hasScannedForEncodings = 0;
			knownRegions = (
				en,
				Base,
			);
			mainGroup = 789C166E27AAE6FE0056981A;
			productRefGroup = 789C167827AAE6FE0056981A /* Products */;
			projectDirPath = "";
			projectRoot = "";
			targets = (
				789C167627AAE6FE0056981A /* URLSessionKinopoisk */,
			);
		};
/* End PBXProject section */

/* Begin PBXResourcesBuildPhase section */
		789C167527AAE6FE0056981A /* Resources */ = {
			isa = PBXResourcesBuildPhase;
			buildActionMask = 2147483647;
			files = (
				789C168727AAE7000056981A /* LaunchScreen.storyboard in Resources */,
				789C168427AAE7000056981A /* Assets.xcassets in Resources */,
				789C168227AAE6FE0056981A /* Main.storyboard in Resources */,
			);
			runOnlyForDeploymentPostprocessing = 0;
		};
/* End PBXResourcesBuildPhase section */

/* Begin PBXSourcesBuildPhase section */
		789C167327AAE6FE0056981A /* Sources */ = {
			isa = PBXSourcesBuildPhase;
			buildActionMask = 2147483647;
			files = (
				789C167B27AAE6FE0056981A /* AppDelegate.swift in Sources */,
				787AA62027ABC95B0031F5DC /* KinopoiskFilmsManager.swift in Sources */,
				789C169127AAEBF70056981A /* FoundedFilm.swift in Sources */,
				789C169327AAED3A0056981A /* NetworkManager.swift in Sources */,
				789C168F27AAE7610056981A /* TableViewController.swift in Sources */,
				787AA62527ABD9CA0031F5DC /* Film.swift in Sources */,
				789C167D27AAE6FE0056981A /* SceneDelegate.swift in Sources */,
				787AA62227ABD4490031F5DC /* FilmWithDistributionInfo.swift in Sources */,
			);
			runOnlyForDeploymentPostprocessing = 0;
		};
/* End PBXSourcesBuildPhase section */

/* Begin PBXVariantGroup section */
		789C168027AAE6FE0056981A /* Main.storyboard */ = {
			isa = PBXVariantGroup;
			children = (
				789C168127AAE6FE0056981A /* Base */,
			);
			name = Main.storyboard;
			sourceTree = "<group>";
		};
		789C168527AAE7000056981A /* LaunchScreen.storyboard */ = {
			isa = PBXVariantGroup;
			children = (
				789C168627AAE7000056981A /* Base */,
			);
			name = LaunchScreen.storyboard;
			sourceTree = "<group>";
		};
/* End PBXVariantGroup section */

/* Begin XCBuildConfiguration section */
		789C168927AAE7000056981A /* Debug */ = {
			isa = XCBuildConfiguration;
			buildSettings = {
				ALWAYS_SEARCH_USER_PATHS = NO;
				CLANG_ANALYZER_NONNULL = YES;
				CLANG_ANALYZER_NUMBER_OBJECT_CONVERSION = YES_AGGRESSIVE;
				CLANG_CXX_LANGUAGE_STANDARD = "gnu++17";
				CLANG_CXX_LIBRARY = "libc++";
				CLANG_ENABLE_MODULES = YES;
				CLANG_ENABLE_OBJC_ARC = YES;
				CLANG_ENABLE_OBJC_WEAK = YES;
				CLANG_WARN_BLOCK_CAPTURE_AUTORELEASING = YES;
				CLANG_WARN_BOOL_CONVERSION = YES;
				CLANG_WARN_COMMA = YES;
				CLANG_WARN_CONSTANT_CONVERSION = YES;
				CLANG_WARN_DEPRECATED_OBJC_IMPLEMENTATIONS = YES;
				CLANG_WARN_DIRECT_OBJC_ISA_USAGE = YES_ERROR;
				CLANG_WARN_DOCUMENTATION_COMMENTS = YES;
				CLANG_WARN_EMPTY_BODY = YES;
				CLANG_WARN_ENUM_CONVERSION = YES;
				CLANG_WARN_INFINITE_RECURSION = YES;
				CLANG_WARN_INT_CONVERSION = YES;
				CLANG_WARN_NON_LITERAL_NULL_CONVERSION = YES;
				CLANG_WARN_OBJC_IMPLICIT_RETAIN_SELF = YES;
				CLANG_WARN_OBJC_LITERAL_CONVERSION = YES;
				CLANG_WARN_OBJC_ROOT_CLASS = YES_ERROR;
				CLANG_WARN_QUOTED_INCLUDE_IN_FRAMEWORK_HEADER = YES;
				CLANG_WARN_RANGE_LOOP_ANALYSIS = YES;
				CLANG_WARN_STRICT_PROTOTYPES = YES;
				CLANG_WARN_SUSPICIOUS_MOVE = YES;
				CLANG_WARN_UNGUARDED_AVAILABILITY = YES_AGGRESSIVE;
				CLANG_WARN_UNREACHABLE_CODE = YES;
				CLANG_WARN__DUPLICATE_METHOD_MATCH = YES;
				COPY_PHASE_STRIP = NO;
				DEBUG_INFORMATION_FORMAT = dwarf;
				ENABLE_STRICT_OBJC_MSGSEND = YES;
				ENABLE_TESTABILITY = YES;
				GCC_C_LANGUAGE_STANDARD = gnu11;
				GCC_DYNAMIC_NO_PIC = NO;
				GCC_NO_COMMON_BLOCKS = YES;
				GCC_OPTIMIZATION_LEVEL = 0;
				GCC_PREPROCESSOR_DEFINITIONS = (
					"DEBUG=1",
					"$(inherited)",
				);
				GCC_WARN_64_TO_32_BIT_CONVERSION = YES;
				GCC_WARN_ABOUT_RETURN_TYPE = YES_ERROR;
				GCC_WARN_UNDECLARED_SELECTOR = YES;
				GCC_WARN_UNINITIALIZED_AUTOS = YES_AGGRESSIVE;
				GCC_WARN_UNUSED_FUNCTION = YES;
				GCC_WARN_UNUSED_VARIABLE = YES;
				IPHONEOS_DEPLOYMENT_TARGET = 15.2;
				MTL_ENABLE_DEBUG_INFO = INCLUDE_SOURCE;
				MTL_FAST_MATH = YES;
				ONLY_ACTIVE_ARCH = YES;
				SDKROOT = iphoneos;
				SWIFT_ACTIVE_COMPILATION_CONDITIONS = DEBUG;
				SWIFT_OPTIMIZATION_LEVEL = "-Onone";
			};
			name = Debug;
		};
		789C168A27AAE7000056981A /* Release */ = {
			isa = XCBuildConfiguration;
			buildSettings = {
				ALWAYS_SEARCH_USER_PATHS = NO;
				CLANG_ANALYZER_NONNULL = YES;
				CLANG_ANALYZER_NUMBER_OBJECT_CONVERSION = YES_AGGRESSIVE;
				CLANG_CXX_LANGUAGE_STANDARD = "gnu++17";
				CLANG_CXX_LIBRARY = "libc++";
				CLANG_ENABLE_MODULES = YES;
				CLANG_ENABLE_OBJC_ARC = YES;
				CLANG_ENABLE_OBJC_WEAK = YES;
				CLANG_WARN_BLOCK_CAPTURE_AUTORELEASING = YES;
				CLANG_WARN_BOOL_CONVERSION = YES;
				CLANG_WARN_COMMA = YES;
				CLANG_WARN_CONSTANT_CONVERSION = YES;
				CLANG_WARN_DEPRECATED_OBJC_IMPLEMENTATIONS = YES;
				CLANG_WARN_DIRECT_OBJC_ISA_USAGE = YES_ERROR;
				CLANG_WARN_DOCUMENTATION_COMMENTS = YES;
				CLANG_WARN_EMPTY_BODY = YES;
				CLANG_WARN_ENUM_CONVERSION = YES;
				CLANG_WARN_INFINITE_RECURSION = YES;
				CLANG_WARN_INT_CONVERSION = YES;
				CLANG_WARN_NON_LITERAL_NULL_CONVERSION = YES;
				CLANG_WARN_OBJC_IMPLICIT_RETAIN_SELF = YES;
				CLANG_WARN_OBJC_LITERAL_CONVERSION = YES;
				CLANG_WARN_OBJC_ROOT_CLASS = YES_ERROR;
				CLANG_WARN_QUOTED_INCLUDE_IN_FRAMEWORK_HEADER = YES;
				CLANG_WARN_RANGE_LOOP_ANALYSIS = YES;
				CLANG_WARN_STRICT_PROTOTYPES = YES;
				CLANG_WARN_SUSPICIOUS_MOVE = YES;
				CLANG_WARN_UNGUARDED_AVAILABILITY = YES_AGGRESSIVE;
				CLANG_WARN_UNREACHABLE_CODE = YES;
				CLANG_WARN__DUPLICATE_METHOD_MATCH = YES;
				COPY_PHASE_STRIP = NO;
				DEBUG_INFORMATION_FORMAT = "dwarf-with-dsym";
				ENABLE_NS_ASSERTIONS = NO;
				ENABLE_STRICT_OBJC_MSGSEND = YES;
				GCC_C_LANGUAGE_STANDARD = gnu11;
				GCC_NO_COMMON_BLOCKS = YES;
				GCC_WARN_64_TO_32_BIT_CONVERSION = YES;
				GCC_WARN_ABOUT_RETURN_TYPE = YES_ERROR;
				GCC_WARN_UNDECLARED_SELECTOR = YES;
				GCC_WARN_UNINITIALIZED_AUTOS = YES_AGGRESSIVE;
				GCC_WARN_UNUSED_FUNCTION = YES;
				GCC_WARN_UNUSED_VARIABLE = YES;
				IPHONEOS_DEPLOYMENT_TARGET = 15.2;
				MTL_ENABLE_DEBUG_INFO = NO;
				MTL_FAST_MATH = YES;
				SDKROOT = iphoneos;
				SWIFT_COMPILATION_MODE = wholemodule;
				SWIFT_OPTIMIZATION_LEVEL = "-O";
				VALIDATE_PRODUCT = YES;
			};
			name = Release;
		};
		789C168C27AAE7000056981A /* Debug */ = {
			isa = XCBuildConfiguration;
			buildSettings = {
				ASSETCATALOG_COMPILER_APPICON_NAME = AppIcon;
				ASSETCATALOG_COMPILER_GLOBAL_ACCENT_COLOR_NAME = AccentColor;
				CODE_SIGN_STYLE = Automatic;
				CURRENT_PROJECT_VERSION = 1;
				DEVELOPMENT_TEAM = K5L7239SK4;
				GENERATE_INFOPLIST_FILE = YES;
				INFOPLIST_FILE = URLSessionKinopoisk/Info.plist;
				INFOPLIST_KEY_UIApplicationSupportsIndirectInputEvents = YES;
				INFOPLIST_KEY_UILaunchStoryboardName = LaunchScreen;
				INFOPLIST_KEY_UIMainStoryboardFile = Main;
				INFOPLIST_KEY_UISupportedInterfaceOrientations_iPad = "UIInterfaceOrientationPortrait UIInterfaceOrientationPortraitUpsideDown UIInterfaceOrientationLandscapeLeft UIInterfaceOrientationLandscapeRight";
				INFOPLIST_KEY_UISupportedInterfaceOrientations_iPhone = "UIInterfaceOrientationPortrait UIInterfaceOrientationLandscapeLeft UIInterfaceOrientationLandscapeRight";
				LD_RUNPATH_SEARCH_PATHS = (
					"$(inherited)",
					"@executable_path/Frameworks",
				);
				MARKETING_VERSION = 1.0;
				PRODUCT_BUNDLE_IDENTIFIER = lexemz.URLSessionKinopoisk;
				PRODUCT_NAME = "$(TARGET_NAME)";
				SWIFT_EMIT_LOC_STRINGS = YES;
				SWIFT_VERSION = 5.0;
				TARGETED_DEVICE_FAMILY = "1,2";
			};
			name = Debug;
		};
		789C168D27AAE7000056981A /* Release */ = {
			isa = XCBuildConfiguration;
			buildSettings = {
				ASSETCATALOG_COMPILER_APPICON_NAME = AppIcon;
				ASSETCATALOG_COMPILER_GLOBAL_ACCENT_COLOR_NAME = AccentColor;
				CODE_SIGN_STYLE = Automatic;
				CURRENT_PROJECT_VERSION = 1;
				DEVELOPMENT_TEAM = K5L7239SK4;
				GENERATE_INFOPLIST_FILE = YES;
				INFOPLIST_FILE = URLSessionKinopoisk/Info.plist;
				INFOPLIST_KEY_UIApplicationSupportsIndirectInputEvents = YES;
				INFOPLIST_KEY_UILaunchStoryboardName = LaunchScreen;
				INFOPLIST_KEY_UIMainStoryboardFile = Main;
				INFOPLIST_KEY_UISupportedInterfaceOrientations_iPad = "UIInterfaceOrientationPortrait UIInterfaceOrientationPortraitUpsideDown UIInterfaceOrientationLandscapeLeft UIInterfaceOrientationLandscapeRight";
				INFOPLIST_KEY_UISupportedInterfaceOrientations_iPhone = "UIInterfaceOrientationPortrait UIInterfaceOrientationLandscapeLeft UIInterfaceOrientationLandscapeRight";
				LD_RUNPATH_SEARCH_PATHS = (
					"$(inherited)",
					"@executable_path/Frameworks",
				);
				MARKETING_VERSION = 1.0;
				PRODUCT_BUNDLE_IDENTIFIER = lexemz.URLSessionKinopoisk;
				PRODUCT_NAME = "$(TARGET_NAME)";
				SWIFT_EMIT_LOC_STRINGS = YES;
				SWIFT_VERSION = 5.0;
				TARGETED_DEVICE_FAMILY = "1,2";
			};
			name = Release;
		};
/* End XCBuildConfiguration section */

/* Begin XCConfigurationList section */
		789C167227AAE6FE0056981A /* Build configuration list for PBXProject "URLSessionKinopoisk" */ = {
			isa = XCConfigurationList;
			buildConfigurations = (
				789C168927AAE7000056981A /* Debug */,
				789C168A27AAE7000056981A /* Release */,
			);
			defaultConfigurationIsVisible = 0;
			defaultConfigurationName = Release;
		};
		789C168B27AAE7000056981A /* Build configuration list for PBXNativeTarget "URLSessionKinopoisk" */ = {
			isa = XCConfigurationList;
			buildConfigurations = (
				789C168C27AAE7000056981A /* Debug */,
				789C168D27AAE7000056981A /* Release */,
			);
			defaultConfigurationIsVisible = 0;
			defaultConfigurationName = Release;
		};
/* End XCConfigurationList section */
	};
	rootObject = 789C166F27AAE6FE0056981A /* Project object */;
}
